// !$*UTF8*$!
{
	archiveVersion = 1;
	classes = {
	};
	objectVersion = 55;
	objects = {

/* Begin PBXBuildFile section */
		72C2D47F279C5E6900DDAD1A /* AppDelegate.m in Sources */ = {isa = PBXBuildFile; fileRef = 72C2D47E279C5E6900DDAD1A /* AppDelegate.m */; };
		72C2D482279C5E6900DDAD1A /* ViewController.m in Sources */ = {isa = PBXBuildFile; fileRef = 72C2D481279C5E6900DDAD1A /* ViewController.m */; };
		72C2D484279C5E6A00DDAD1A /* Assets.xcassets in Resources */ = {isa = PBXBuildFile; fileRef = 72C2D483279C5E6A00DDAD1A /* Assets.xcassets */; };
		72C2D487279C5E6A00DDAD1A /* Main.storyboard in Resources */ = {isa = PBXBuildFile; fileRef = 72C2D485279C5E6A00DDAD1A /* Main.storyboard */; };
		72C2D489279C5E6A00DDAD1A /* main.m in Sources */ = {isa = PBXBuildFile; fileRef = 72C2D488279C5E6A00DDAD1A /* main.m */; };
		72C2D494279C5E6A00DDAD1A /* CategoryDemoTests.m in Sources */ = {isa = PBXBuildFile; fileRef = 72C2D493279C5E6A00DDAD1A /* CategoryDemoTests.m */; };
		72C2D49E279C5E6A00DDAD1A /* CategoryDemoUITests.m in Sources */ = {isa = PBXBuildFile; fileRef = 72C2D49D279C5E6A00DDAD1A /* CategoryDemoUITests.m */; };
		72C2D4A0279C5E6A00DDAD1A /* CategoryDemoUITestsLaunchTests.m in Sources */ = {isa = PBXBuildFile; fileRef = 72C2D49F279C5E6A00DDAD1A /* CategoryDemoUITestsLaunchTests.m */; };
		72C2D4AF279C5FD200DDAD1A /* NSObject+NSObject_SayHello.m in Sources */ = {isa = PBXBuildFile; fileRef = 72C2D4AE279C5FD200DDAD1A /* NSObject+NSObject_SayHello.m */; };
/* End PBXBuildFile section */

/* Begin PBXContainerItemProxy section */
		72C2D490279C5E6A00DDAD1A /* PBXContainerItemProxy */ = {
			isa = PBXContainerItemProxy;
			containerPortal = 72C2D472279C5E6900DDAD1A /* Project object */;
			proxyType = 1;
			remoteGlobalIDString = 72C2D479279C5E6900DDAD1A;
			remoteInfo = CategoryDemo;
		};
		72C2D49A279C5E6A00DDAD1A /* PBXContainerItemProxy */ = {
			isa = PBXContainerItemProxy;
			containerPortal = 72C2D472279C5E6900DDAD1A /* Project object */;
			proxyType = 1;
			remoteGlobalIDString = 72C2D479279C5E6900DDAD1A;
			remoteInfo = CategoryDemo;
		};
/* End PBXContainerItemProxy section */

/* Begin PBXFileReference section */
		72C2D47A279C5E6900DDAD1A /* CategoryDemo.app */ = {isa = PBXFileReference; explicitFileType = wrapper.application; includeInIndex = 0; path = CategoryDemo.app; sourceTree = BUILT_PRODUCTS_DIR; };
		72C2D47D279C5E6900DDAD1A /* AppDelegate.h */ = {isa = PBXFileReference; lastKnownFileType = sourcecode.c.h; path = AppDelegate.h; sourceTree = "<group>"; };
		72C2D47E279C5E6900DDAD1A /* AppDelegate.m */ = {isa = PBXFileReference; lastKnownFileType = sourcecode.c.objc; path = AppDelegate.m; sourceTree = "<group>"; };
		72C2D480279C5E6900DDAD1A /* ViewController.h */ = {isa = PBXFileReference; lastKnownFileType = sourcecode.c.h; path = ViewController.h; sourceTree = "<group>"; };
		72C2D481279C5E6900DDAD1A /* ViewController.m */ = {isa = PBXFileReference; lastKnownFileType = sourcecode.c.objc; path = ViewController.m; sourceTree = "<group>"; };
		72C2D483279C5E6A00DDAD1A /* Assets.xcassets */ = {isa = PBXFileReference; lastKnownFileType = folder.assetcatalog; path = Assets.xcassets; sourceTree = "<group>"; };
		72C2D486279C5E6A00DDAD1A /* Base */ = {isa = PBXFileReference; lastKnownFileType = file.storyboard; name = Base; path = Base.lproj/Main.storyboard; sourceTree = "<group>"; };
		72C2D488279C5E6A00DDAD1A /* main.m */ = {isa = PBXFileReference; lastKnownFileType = sourcecode.c.objc; path = main.m; sourceTree = "<group>"; };
		72C2D48A279C5E6A00DDAD1A /* CategoryDemo.entitlements */ = {isa = PBXFileReference; lastKnownFileType = text.plist.entitlements; path = CategoryDemo.entitlements; sourceTree = "<group>"; };
		72C2D48F279C5E6A00DDAD1A /* CategoryDemoTests.xctest */ = {isa = PBXFileReference; explicitFileType = wrapper.cfbundle; includeInIndex = 0; path = CategoryDemoTests.xctest; sourceTree = BUILT_PRODUCTS_DIR; };
		72C2D493279C5E6A00DDAD1A /* CategoryDemoTests.m */ = {isa = PBXFileReference; lastKnownFileType = sourcecode.c.objc; path = CategoryDemoTests.m; sourceTree = "<group>"; };
		72C2D499279C5E6A00DDAD1A /* CategoryDemoUITests.xctest */ = {isa = PBXFileReference; explicitFileType = wrapper.cfbundle; includeInIndex = 0; path = CategoryDemoUITests.xctest; sourceTree = BUILT_PRODUCTS_DIR; };
		72C2D49D279C5E6A00DDAD1A /* CategoryDemoUITests.m */ = {isa = PBXFileReference; lastKnownFileType = sourcecode.c.objc; path = CategoryDemoUITests.m; sourceTree = "<group>"; };
		72C2D49F279C5E6A00DDAD1A /* CategoryDemoUITestsLaunchTests.m */ = {isa = PBXFileReference; lastKnownFileType = sourcecode.c.objc; path = CategoryDemoUITestsLaunchTests.m; sourceTree = "<group>"; };
		72C2D4AD279C5FD200DDAD1A /* NSObject+NSObject_SayHello.h */ = {isa = PBXFileReference; lastKnownFileType = sourcecode.c.h; path = "NSObject+NSObject_SayHello.h"; sourceTree = "<group>"; };
		72C2D4AE279C5FD200DDAD1A /* NSObject+NSObject_SayHello.m */ = {isa = PBXFileReference; lastKnownFileType = sourcecode.c.objc; path = "NSObject+NSObject_SayHello.m"; sourceTree = "<group>"; };
/* End PBXFileReference section */

/* Begin PBXFrameworksBuildPhase section */
		72C2D477279C5E6900DDAD1A /* Frameworks */ = {
			isa = PBXFrameworksBuildPhase;
			buildActionMask = 2147483647;
			files = (
			);
			runOnlyForDeploymentPostprocessing = 0;
		};
		72C2D48C279C5E6A00DDAD1A /* Frameworks */ = {
			isa = PBXFrameworksBuildPhase;
			buildActionMask = 2147483647;
			files = (
			);
			runOnlyForDeploymentPostprocessing = 0;
		};
		72C2D496279C5E6A00DDAD1A /* Frameworks */ = {
			isa = PBXFrameworksBuildPhase;
			buildActionMask = 2147483647;
			files = (
			);
			runOnlyForDeploymentPostprocessing = 0;
		};
/* End PBXFrameworksBuildPhase section */

/* Begin PBXGroup section */
		72C2D471279C5E6900DDAD1A = {
			isa = PBXGroup;
			children = (
				72C2D47C279C5E6900DDAD1A /* CategoryDemo */,
				72C2D492279C5E6A00DDAD1A /* CategoryDemoTests */,
				72C2D49C279C5E6A00DDAD1A /* CategoryDemoUITests */,
				72C2D47B279C5E6900DDAD1A /* Products */,
			);
			sourceTree = "<group>";
		};
		72C2D47B279C5E6900DDAD1A /* Products */ = {
			isa = PBXGroup;
			children = (
				72C2D47A279C5E6900DDAD1A /* CategoryDemo.app */,
				72C2D48F279C5E6A00DDAD1A /* CategoryDemoTests.xctest */,
				72C2D499279C5E6A00DDAD1A /* CategoryDemoUITests.xctest */,
			);
			name = Products;
			sourceTree = "<group>";
		};
		72C2D47C279C5E6900DDAD1A /* CategoryDemo */ = {
			isa = PBXGroup;
			children = (
				72C2D47D279C5E6900DDAD1A /* AppDelegate.h */,
				72C2D47E279C5E6900DDAD1A /* AppDelegate.m */,
				72C2D480279C5E6900DDAD1A /* ViewController.h */,
				72C2D481279C5E6900DDAD1A /* ViewController.m */,
				72C2D483279C5E6A00DDAD1A /* Assets.xcassets */,
				72C2D485279C5E6A00DDAD1A /* Main.storyboard */,
				72C2D488279C5E6A00DDAD1A /* main.m */,
				72C2D48A279C5E6A00DDAD1A /* CategoryDemo.entitlements */,
				72C2D4AD279C5FD200DDAD1A /* NSObject+NSObject_SayHello.h */,
				72C2D4AE279C5FD200DDAD1A /* NSObject+NSObject_SayHello.m */,
			);
			path = CategoryDemo;
			sourceTree = "<group>";
		};
		72C2D492279C5E6A00DDAD1A /* CategoryDemoTests */ = {
			isa = PBXGroup;
			children = (
				72C2D493279C5E6A00DDAD1A /* CategoryDemoTests.m */,
			);
			path = CategoryDemoTests;
			sourceTree = "<group>";
		};
		72C2D49C279C5E6A00DDAD1A /* CategoryDemoUITests */ = {
			isa = PBXGroup;
			children = (
				72C2D49D279C5E6A00DDAD1A /* CategoryDemoUITests.m */,
				72C2D49F279C5E6A00DDAD1A /* CategoryDemoUITestsLaunchTests.m */,
			);
			path = CategoryDemoUITests;
			sourceTree = "<group>";
		};
/* End PBXGroup section */

/* Begin PBXNativeTarget section */
		72C2D479279C5E6900DDAD1A /* CategoryDemo */ = {
			isa = PBXNativeTarget;
			buildConfigurationList = 72C2D4A3279C5E6A00DDAD1A /* Build configuration list for PBXNativeTarget "CategoryDemo" */;
			buildPhases = (
				72C2D476279C5E6900DDAD1A /* Sources */,
				72C2D477279C5E6900DDAD1A /* Frameworks */,
				72C2D478279C5E6900DDAD1A /* Resources */,
			);
			buildRules = (
			);
			dependencies = (
			);
			name = CategoryDemo;
			productName = CategoryDemo;
			productReference = 72C2D47A279C5E6900DDAD1A /* CategoryDemo.app */;
			productType = "com.apple.product-type.application";
		};
		72C2D48E279C5E6A00DDAD1A /* CategoryDemoTests */ = {
			isa = PBXNativeTarget;
			buildConfigurationList = 72C2D4A6279C5E6A00DDAD1A /* Build configuration list for PBXNativeTarget "CategoryDemoTests" */;
			buildPhases = (
				72C2D48B279C5E6A00DDAD1A /* Sources */,
				72C2D48C279C5E6A00DDAD1A /* Frameworks */,
				72C2D48D279C5E6A00DDAD1A /* Resources */,
			);
			buildRules = (
			);
			dependencies = (
				72C2D491279C5E6A00DDAD1A /* PBXTargetDependency */,
			);
			name = CategoryDemoTests;
			productName = CategoryDemoTests;
			productReference = 72C2D48F279C5E6A00DDAD1A /* CategoryDemoTests.xctest */;
			productType = "com.apple.product-type.bundle.unit-test";
		};
		72C2D498279C5E6A00DDAD1A /* CategoryDemoUITests */ = {
			isa = PBXNativeTarget;
			buildConfigurationList = 72C2D4A9279C5E6A00DDAD1A /* Build configuration list for PBXNativeTarget "CategoryDemoUITests" */;
			buildPhases = (
				72C2D495279C5E6A00DDAD1A /* Sources */,
				72C2D496279C5E6A00DDAD1A /* Frameworks */,
				72C2D497279C5E6A00DDAD1A /* Resources */,
			);
			buildRules = (
			);
			dependencies = (
				72C2D49B279C5E6A00DDAD1A /* PBXTargetDependency */,
			);
			name = CategoryDemoUITests;
			productName = CategoryDemoUITests;
			productReference = 72C2D499279C5E6A00DDAD1A /* CategoryDemoUITests.xctest */;
			productType = "com.apple.product-type.bundle.ui-testing";
		};
/* End PBXNativeTarget section */

/* Begin PBXProject section */
		72C2D472279C5E6900DDAD1A /* Project object */ = {
			isa = PBXProject;
			attributes = {
				BuildIndependentTargetsInParallel = 1;
				LastUpgradeCheck = 1320;
				TargetAttributes = {
					72C2D479279C5E6900DDAD1A = {
						CreatedOnToolsVersion = 13.2.1;
					};
					72C2D48E279C5E6A00DDAD1A = {
						CreatedOnToolsVersion = 13.2.1;
						TestTargetID = 72C2D479279C5E6900DDAD1A;
					};
					72C2D498279C5E6A00DDAD1A = {
						CreatedOnToolsVersion = 13.2.1;
						TestTargetID = 72C2D479279C5E6900DDAD1A;
					};
				};
			};
			buildConfigurationList = 72C2D475279C5E6900DDAD1A /* Build configuration list for PBXProject "CategoryDemo" */;
			compatibilityVersion = "Xcode 13.0";
			developmentRegion = en;
			hasScannedForEncodings = 0;
			knownRegions = (
				en,
				Base,
			);
			mainGroup = 72C2D471279C5E6900DDAD1A;
			productRefGroup = 72C2D47B279C5E6900DDAD1A /* Products */;
			projectDirPath = "";
			projectRoot = "";
			targets = (
				72C2D479279C5E6900DDAD1A /* CategoryDemo */,
				72C2D48E279C5E6A00DDAD1A /* CategoryDemoTests */,
				72C2D498279C5E6A00DDAD1A /* CategoryDemoUITests */,
			);
		};
/* End PBXProject section */

/* Begin PBXResourcesBuildPhase section */
		72C2D478279C5E6900DDAD1A /* Resources */ = {
			isa = PBXResourcesBuildPhase;
			buildActionMask = 2147483647;
			files = (
				72C2D484279C5E6A00DDAD1A /* Assets.xcassets in Resources */,
				72C2D487279C5E6A00DDAD1A /* Main.storyboard in Resources */,
			);
			runOnlyForDeploymentPostprocessing = 0;
		};
		72C2D48D279C5E6A00DDAD1A /* Resources */ = {
			isa = PBXResourcesBuildPhase;
			buildActionMask = 2147483647;
			files = (
			);
			runOnlyForDeploymentPostprocessing = 0;
		};
		72C2D497279C5E6A00DDAD1A /* Resources */ = {
			isa = PBXResourcesBuildPhase;
			buildActionMask = 2147483647;
			files = (
			);
			runOnlyForDeploymentPostprocessing = 0;
		};
/* End PBXResourcesBuildPhase section */

/* Begin PBXSourcesBuildPhase section */
		72C2D476279C5E6900DDAD1A /* Sources */ = {
			isa = PBXSourcesBuildPhase;
			buildActionMask = 2147483647;
			files = (
				72C2D482279C5E6900DDAD1A /* ViewController.m in Sources */,
				72C2D489279C5E6A00DDAD1A /* main.m in Sources */,
				72C2D4AF279C5FD200DDAD1A /* NSObject+NSObject_SayHello.m in Sources */,
				72C2D47F279C5E6900DDAD1A /* AppDelegate.m in Sources */,
			);
			runOnlyForDeploymentPostprocessing = 0;
		};
		72C2D48B279C5E6A00DDAD1A /* Sources */ = {
			isa = PBXSourcesBuildPhase;
			buildActionMask = 2147483647;
			files = (
				72C2D494279C5E6A00DDAD1A /* CategoryDemoTests.m in Sources */,
			);
			runOnlyForDeploymentPostprocessing = 0;
		};
		72C2D495279C5E6A00DDAD1A /* Sources */ = {
			isa = PBXSourcesBuildPhase;
			buildActionMask = 2147483647;
			files = (
				72C2D4A0279C5E6A00DDAD1A /* CategoryDemoUITestsLaunchTests.m in Sources */,
				72C2D49E279C5E6A00DDAD1A /* CategoryDemoUITests.m in Sources */,
			);
			runOnlyForDeploymentPostprocessing = 0;
		};
/* End PBXSourcesBuildPhase section */

/* Begin PBXTargetDependency section */
		72C2D491279C5E6A00DDAD1A /* PBXTargetDependency */ = {
			isa = PBXTargetDependency;
			target = 72C2D479279C5E6900DDAD1A /* CategoryDemo */;
			targetProxy = 72C2D490279C5E6A00DDAD1A /* PBXContainerItemProxy */;
		};
		72C2D49B279C5E6A00DDAD1A /* PBXTargetDependency */ = {
			isa = PBXTargetDependency;
			target = 72C2D479279C5E6900DDAD1A /* CategoryDemo */;
			targetProxy = 72C2D49A279C5E6A00DDAD1A /* PBXContainerItemProxy */;
		};
/* End PBXTargetDependency section */

/* Begin PBXVariantGroup section */
		72C2D485279C5E6A00DDAD1A /* Main.storyboard */ = {
			isa = PBXVariantGroup;
			children = (
				72C2D486279C5E6A00DDAD1A /* Base */,
			);
			name = Main.storyboard;
			sourceTree = "<group>";
		};
/* End PBXVariantGroup section */

/* Begin XCBuildConfiguration section */
		72C2D4A1279C5E6A00DDAD1A /* Debug */ = {
			isa = XCBuildConfiguration;
			buildSettings = {
				ALWAYS_SEARCH_USER_PATHS = NO;
				CLANG_ANALYZER_NONNULL = YES;
				CLANG_ANALYZER_NUMBER_OBJECT_CONVERSION = YES_AGGRESSIVE;
				CLANG_CXX_LANGUAGE_STANDARD = "gnu++17";
				CLANG_CXX_LIBRARY = "libc++";
				CLANG_ENABLE_MODULES = YES;
				CLANG_ENABLE_OBJC_ARC = YES;
				CLANG_ENABLE_OBJC_WEAK = YES;
				CLANG_WARN_BLOCK_CAPTURE_AUTORELEASING = YES;
				CLANG_WARN_BOOL_CONVERSION = YES;
				CLANG_WARN_COMMA = YES;
				CLANG_WARN_CONSTANT_CONVERSION = YES;
				CLANG_WARN_DEPRECATED_OBJC_IMPLEMENTATIONS = YES;
				CLANG_WARN_DIRECT_OBJC_ISA_USAGE = YES_ERROR;
				CLANG_WARN_DOCUMENTATION_COMMENTS = YES;
				CLANG_WARN_EMPTY_BODY = YES;
				CLANG_WARN_ENUM_CONVERSION = YES;
				CLANG_WARN_INFINITE_RECURSION = YES;
				CLANG_WARN_INT_CONVERSION = YES;
				CLANG_WARN_NON_LITERAL_NULL_CONVERSION = YES;
				CLANG_WARN_OBJC_IMPLICIT_RETAIN_SELF = YES;
				CLANG_WARN_OBJC_LITERAL_CONVERSION = YES;
				CLANG_WARN_OBJC_ROOT_CLASS = YES_ERROR;
				CLANG_WARN_QUOTED_INCLUDE_IN_FRAMEWORK_HEADER = YES;
				CLANG_WARN_RANGE_LOOP_ANALYSIS = YES;
				CLANG_WARN_STRICT_PROTOTYPES = YES;
				CLANG_WARN_SUSPICIOUS_MOVE = YES;
				CLANG_WARN_UNGUARDED_AVAILABILITY = YES_AGGRESSIVE;
				CLANG_WARN_UNREACHABLE_CODE = YES;
				CLANG_WARN__DUPLICATE_METHOD_MATCH = YES;
				COPY_PHASE_STRIP = NO;
				DEBUG_INFORMATION_FORMAT = dwarf;
				ENABLE_STRICT_OBJC_MSGSEND = YES;
				ENABLE_TESTABILITY = YES;
				GCC_C_LANGUAGE_STANDARD = gnu11;
				GCC_DYNAMIC_NO_PIC = NO;
				GCC_NO_COMMON_BLOCKS = YES;
				GCC_OPTIMIZATION_LEVEL = 0;
				GCC_PREPROCESSOR_DEFINITIONS = (
					"DEBUG=1",
					"$(inherited)",
				);
				GCC_WARN_64_TO_32_BIT_CONVERSION = YES;
				GCC_WARN_ABOUT_RETURN_TYPE = YES_ERROR;
				GCC_WARN_UNDECLARED_SELECTOR = YES;
				GCC_WARN_UNINITIALIZED_AUTOS = YES_AGGRESSIVE;
				GCC_WARN_UNUSED_FUNCTION = YES;
				GCC_WARN_UNUSED_VARIABLE = YES;
				MACOSX_DEPLOYMENT_TARGET = 12.0;
				MTL_ENABLE_DEBUG_INFO = INCLUDE_SOURCE;
				MTL_FAST_MATH = YES;
				ONLY_ACTIVE_ARCH = YES;
				SDKROOT = macosx;
			};
			name = Debug;
		};
		72C2D4A2279C5E6A00DDAD1A /* Release */ = {
			isa = XCBuildConfiguration;
			buildSettings = {
				ALWAYS_SEARCH_USER_PATHS = NO;
				CLANG_ANALYZER_NONNULL = YES;
				CLANG_ANALYZER_NUMBER_OBJECT_CONVERSION = YES_AGGRESSIVE;
				CLANG_CXX_LANGUAGE_STANDARD = "gnu++17";
				CLANG_CXX_LIBRARY = "libc++";
				CLANG_ENABLE_MODULES = YES;
				CLANG_ENABLE_OBJC_ARC = YES;
				CLANG_ENABLE_OBJC_WEAK = YES;
				CLANG_WARN_BLOCK_CAPTURE_AUTORELEASING = YES;
				CLANG_WARN_BOOL_CONVERSION = YES;
				CLANG_WARN_COMMA = YES;
				CLANG_WARN_CONSTANT_CONVERSION = YES;
				CLANG_WARN_DEPRECATED_OBJC_IMPLEMENTATIONS = YES;
				CLANG_WARN_DIRECT_OBJC_ISA_USAGE = YES_ERROR;
				CLANG_WARN_DOCUMENTATION_COMMENTS = YES;
				CLANG_WARN_EMPTY_BODY = YES;
				CLANG_WARN_ENUM_CONVERSION = YES;
				CLANG_WARN_INFINITE_RECURSION = YES;
				CLANG_WARN_INT_CONVERSION = YES;
				CLANG_WARN_NON_LITERAL_NULL_CONVERSION = YES;
				CLANG_WARN_OBJC_IMPLICIT_RETAIN_SELF = YES;
				CLANG_WARN_OBJC_LITERAL_CONVERSION = YES;
				CLANG_WARN_OBJC_ROOT_CLASS = YES_ERROR;
				CLANG_WARN_QUOTED_INCLUDE_IN_FRAMEWORK_HEADER = YES;
				CLANG_WARN_RANGE_LOOP_ANALYSIS = YES;
				CLANG_WARN_STRICT_PROTOTYPES = YES;
				CLANG_WARN_SUSPICIOUS_MOVE = YES;
				CLANG_WARN_UNGUARDED_AVAILABILITY = YES_AGGRESSIVE;
				CLANG_WARN_UNREACHABLE_CODE = YES;
				CLANG_WARN__DUPLICATE_METHOD_MATCH = YES;
				COPY_PHASE_STRIP = NO;
				DEBUG_INFORMATION_FORMAT = "dwarf-with-dsym";
				ENABLE_NS_ASSERTIONS = NO;
				ENABLE_STRICT_OBJC_MSGSEND = YES;
				GCC_C_LANGUAGE_STANDARD = gnu11;
				GCC_NO_COMMON_BLOCKS = YES;
				GCC_WARN_64_TO_32_BIT_CONVERSION = YES;
				GCC_WARN_ABOUT_RETURN_TYPE = YES_ERROR;
				GCC_WARN_UNDECLARED_SELECTOR = YES;
				GCC_WARN_UNINITIALIZED_AUTOS = YES_AGGRESSIVE;
				GCC_WARN_UNUSED_FUNCTION = YES;
				GCC_WARN_UNUSED_VARIABLE = YES;
				MACOSX_DEPLOYMENT_TARGET = 12.0;
				MTL_ENABLE_DEBUG_INFO = NO;
				MTL_FAST_MATH = YES;
				SDKROOT = macosx;
			};
			name = Release;
		};
		72C2D4A4279C5E6A00DDAD1A /* Debug */ = {
			isa = XCBuildConfiguration;
			buildSettings = {
				ASSETCATALOG_COMPILER_APPICON_NAME = AppIcon;
				ASSETCATALOG_COMPILER_GLOBAL_ACCENT_COLOR_NAME = AccentColor;
				CODE_SIGN_ENTITLEMENTS = CategoryDemo/CategoryDemo.entitlements;
				CODE_SIGN_STYLE = Automatic;
				COMBINE_HIDPI_IMAGES = YES;
				CURRENT_PROJECT_VERSION = 1;
				GENERATE_INFOPLIST_FILE = YES;
				INFOPLIST_KEY_NSHumanReadableCopyright = "";
				INFOPLIST_KEY_NSMainStoryboardFile = Main;
				INFOPLIST_KEY_NSPrincipalClass = NSApplication;
				LD_RUNPATH_SEARCH_PATHS = (
					"$(inherited)",
					"@executable_path/../Frameworks",
				);
				MARKETING_VERSION = 1.0;
				PRODUCT_BUNDLE_IDENTIFIER = maharTech.CategoryDemo;
				PRODUCT_NAME = "$(TARGET_NAME)";
				SWIFT_EMIT_LOC_STRINGS = YES;
			};
			name = Debug;
		};
		72C2D4A5279C5E6A00DDAD1A /* Release */ = {
			isa = XCBuildConfiguration;
			buildSettings = {
				ASSETCATALOG_COMPILER_APPICON_NAME = AppIcon;
				ASSETCATALOG_COMPILER_GLOBAL_ACCENT_COLOR_NAME = AccentColor;
				CODE_SIGN_ENTITLEMENTS = CategoryDemo/CategoryDemo.entitlements;
				CODE_SIGN_STYLE = Automatic;
				COMBINE_HIDPI_IMAGES = YES;
				CURRENT_PROJECT_VERSION = 1;
				GENERATE_INFOPLIST_FILE = YES;
				INFOPLIST_KEY_NSHumanReadableCopyright = "";
				INFOPLIST_KEY_NSMainStoryboardFile = Main;
				INFOPLIST_KEY_NSPrincipalClass = NSApplication;
				LD_RUNPATH_SEARCH_PATHS = (
					"$(inherited)",
					"@executable_path/../Frameworks",
				);
				MARKETING_VERSION = 1.0;
				PRODUCT_BUNDLE_IDENTIFIER = maharTech.CategoryDemo;
				PRODUCT_NAME = "$(TARGET_NAME)";
				SWIFT_EMIT_LOC_STRINGS = YES;
			};
			name = Release;
		};
		72C2D4A7279C5E6A00DDAD1A /* Debug */ = {
			isa = XCBuildConfiguration;
			buildSettings = {
				BUNDLE_LOADER = "$(TEST_HOST)";
				CODE_SIGN_STYLE = Automatic;
				CURRENT_PROJECT_VERSION = 1;
				GENERATE_INFOPLIST_FILE = YES;
				MACOSX_DEPLOYMENT_TARGET = 12.0;
				MARKETING_VERSION = 1.0;
				PRODUCT_BUNDLE_IDENTIFIER = maharTech.CategoryDemoTests;
				PRODUCT_NAME = "$(TARGET_NAME)";
				SWIFT_EMIT_LOC_STRINGS = NO;
				TEST_HOST = "$(BUILT_PRODUCTS_DIR)/CategoryDemo.app/Contents/MacOS/CategoryDemo";
			};
			name = Debug;
		};
		72C2D4A8279C5E6A00DDAD1A /* Release */ = {
			isa = XCBuildConfiguration;
			buildSettings = {
				BUNDLE_LOADER = "$(TEST_HOST)";
				CODE_SIGN_STYLE = Automatic;
				CURRENT_PROJECT_VERSION = 1;
				GENERATE_INFOPLIST_FILE = YES;
				MACOSX_DEPLOYMENT_TARGET = 12.0;
				MARKETING_VERSION = 1.0;
				PRODUCT_BUNDLE_IDENTIFIER = maharTech.CategoryDemoTests;
				PRODUCT_NAME = "$(TARGET_NAME)";
				SWIFT_EMIT_LOC_STRINGS = NO;
				TEST_HOST = "$(BUILT_PRODUCTS_DIR)/CategoryDemo.app/Contents/MacOS/CategoryDemo";
			};
			name = Release;
		};
		72C2D4AA279C5E6A00DDAD1A /* Debug */ = {
			isa = XCBuildConfiguration;
			buildSettings = {
				CODE_SIGN_STYLE = Automatic;
				CURRENT_PROJECT_VERSION = 1;
				GENERATE_INFOPLIST_FILE = YES;
				MARKETING_VERSION = 1.0;
				PRODUCT_BUNDLE_IDENTIFIER = maharTech.CategoryDemoUITests;
				PRODUCT_NAME = "$(TARGET_NAME)";
				SWIFT_EMIT_LOC_STRINGS = NO;
				TEST_TARGET_NAME = CategoryDemo;
			};
			name = Debug;
		};
		72C2D4AB279C5E6A00DDAD1A /* Release */ = {
			isa = XCBuildConfiguration;
			buildSettings = {
				CODE_SIGN_STYLE = Automatic;
				CURRENT_PROJECT_VERSION = 1;
				GENERATE_INFOPLIST_FILE = YES;
				MARKETING_VERSION = 1.0;
				PRODUCT_BUNDLE_IDENTIFIER = maharTech.CategoryDemoUITests;
				PRODUCT_NAME = "$(TARGET_NAME)";
				SWIFT_EMIT_LOC_STRINGS = NO;
				TEST_TARGET_NAME = CategoryDemo;
			};
			name = Release;
		};
/* End XCBuildConfiguration section */

/* Begin XCConfigurationList section */
		72C2D475279C5E6900DDAD1A /* Build configuration list for PBXProject "CategoryDemo" */ = {
			isa = XCConfigurationList;
			buildConfigurations = (
				72C2D4A1279C5E6A00DDAD1A /* Debug */,
				72C2D4A2279C5E6A00DDAD1A /* Release */,
			);
			defaultConfigurationIsVisible = 0;
			defaultConfigurationName = Release;
		};
		72C2D4A3279C5E6A00DDAD1A /* Build configuration list for PBXNativeTarget "CategoryDemo" */ = {
			isa = XCConfigurationList;
			buildConfigurations = (
				72C2D4A4279C5E6A00DDAD1A /* Debug */,
				72C2D4A5279C5E6A00DDAD1A /* Release */,
			);
			defaultConfigurationIsVisible = 0;
			defaultConfigurationName = Release;
		};
		72C2D4A6279C5E6A00DDAD1A /* Build configuration list for PBXNativeTarget "CategoryDemoTests" */ = {
			isa = XCConfigurationList;
			buildConfigurations = (
				72C2D4A7279C5E6A00DDAD1A /* Debug */,
				72C2D4A8279C5E6A00DDAD1A /* Release */,
			);
			defaultConfigurationIsVisible = 0;
			defaultConfigurationName = Release;
		};
		72C2D4A9279C5E6A00DDAD1A /* Build configuration list for PBXNativeTarget "CategoryDemoUITests" */ = {
			isa = XCConfigurationList;
			buildConfigurations = (
				72C2D4AA279C5E6A00DDAD1A /* Debug */,
				72C2D4AB279C5E6A00DDAD1A /* Release */,
			);
			defaultConfigurationIsVisible = 0;
			defaultConfigurationName = Release;
		};
/* End XCConfigurationList section */
	};
	rootObject = 72C2D472279C5E6900DDAD1A /* Project object */;
}
